
Microsoft Visual Studio Solution File, Format Version 12.00
# Visual Studio Version 16
VisualStudioVersion = 16.0.29905.134
MinimumVisualStudioVersion = 10.0.40219.1
Project("{FAE04EC0-301F-11D3-BF4B-00C04F79EFBC}") = "Tutorial3", "Tutorial3\Tutorial3.csproj", "{8D994224-05A1-43AD-B186-79CB2558C944}"
EndProject
Global
	GlobalSection(SolutionConfigurationPlatforms) = preSolution
		Debug|Any CPU = Debug|Any CPU
		Release|Any CPU = Release|Any CPU
	EndGlobalSection
	GlobalSection(ProjectConfigurationPlatforms) = postSolution
		{8D994224-05A1-43AD-B186-79CB2558C944}.Debug|Any CPU.ActiveCfg = Debug|Any CPU
		{8D994224-05A1-43AD-B186-79CB2558C944}.Debug|Any CPU.Build.0 = Debug|Any CPU
		{8D994224-05A1-43AD-B186-79CB2558C944}.Release|Any CPU.ActiveCfg = Release|Any CPU
		{8D994224-05A1-43AD-B186-79CB2558C944}.Release|Any CPU.Build.0 = Release|Any CPU
	EndGlobalSection
	GlobalSection(SolutionProperties) = preSolution
		HideSolutionNode = FALSE
	EndGlobalSection
	GlobalSection(ExtensibilityGlobals) = postSolution
		SolutionGuid = {A5116976-B03F-4894-A16B-C0C6D944A41F}
	EndGlobalSection
EndGlobal
