
Microsoft Visual Studio Solution File, Format Version 12.00
# Visual Studio Version 16
VisualStudioVersion = 16.0.29920.165
MinimumVisualStudioVersion = 10.0.40219.1
Project("{FAE04EC0-301F-11D3-BF4B-00C04F79EFBC}") = "Wyklad5", "Wyklad5\Wyklad5.csproj", "{FD7B8DB9-3010-415B-8646-24F4240C2BBF}"
EndProject
Global
	GlobalSection(SolutionConfigurationPlatforms) = preSolution
		Debug|Any CPU = Debug|Any CPU
		Release|Any CPU = Release|Any CPU
	EndGlobalSection
	GlobalSection(ProjectConfigurationPlatforms) = postSolution
		{FD7B8DB9-3010-415B-8646-24F4240C2BBF}.Debug|Any CPU.ActiveCfg = Debug|Any CPU
		{FD7B8DB9-3010-415B-8646-24F4240C2BBF}.Debug|Any CPU.Build.0 = Debug|Any CPU
		{FD7B8DB9-3010-415B-8646-24F4240C2BBF}.Release|Any CPU.ActiveCfg = Release|Any CPU
		{FD7B8DB9-3010-415B-8646-24F4240C2BBF}.Release|Any CPU.Build.0 = Release|Any CPU
	EndGlobalSection
	GlobalSection(SolutionProperties) = preSolution
		HideSolutionNode = FALSE
	EndGlobalSection
	GlobalSection(ExtensibilityGlobals) = postSolution
		SolutionGuid = {3847E07D-27C3-4121-AE07-AE3D858A9074}
	EndGlobalSection
EndGlobal
