
Microsoft Visual Studio Solution File, Format Version 12.00
# Visual Studio Version 16
VisualStudioVersion = 16.0.29911.84
MinimumVisualStudioVersion = 10.0.40219.1
Project("{FAE04EC0-301F-11D3-BF4B-00C04F79EFBC}") = "WebApplication1", "WebApplication1\WebApplication1.csproj", "{327B9E85-144A-4F2D-BE04-F4ED4D483E38}"
EndProject
Global
	GlobalSection(SolutionConfigurationPlatforms) = preSolution
		Debug|Any CPU = Debug|Any CPU
		Release|Any CPU = Release|Any CPU
	EndGlobalSection
	GlobalSection(ProjectConfigurationPlatforms) = postSolution
		{327B9E85-144A-4F2D-BE04-F4ED4D483E38}.Debug|Any CPU.ActiveCfg = Debug|Any CPU
		{327B9E85-144A-4F2D-BE04-F4ED4D483E38}.Debug|Any CPU.Build.0 = Debug|Any CPU
		{327B9E85-144A-4F2D-BE04-F4ED4D483E38}.Release|Any CPU.ActiveCfg = Release|Any CPU
		{327B9E85-144A-4F2D-BE04-F4ED4D483E38}.Release|Any CPU.Build.0 = Release|Any CPU
	EndGlobalSection
	GlobalSection(SolutionProperties) = preSolution
		HideSolutionNode = FALSE
	EndGlobalSection
	GlobalSection(ExtensibilityGlobals) = postSolution
		SolutionGuid = {D02CEBD1-D860-40C2-8955-CD876A057166}
	EndGlobalSection
EndGlobal
