
Microsoft Visual Studio Solution File, Format Version 12.00
# Visual Studio Version 16
VisualStudioVersion = 16.0.29926.136
MinimumVisualStudioVersion = 10.0.40219.1
Project("{FAE04EC0-301F-11D3-BF4B-00C04F79EFBC}") = "WebApplication2", "WebApplication2\WebApplication2.csproj", "{93C238A1-2B67-4580-8025-0061A551BEAB}"
EndProject
Global
	GlobalSection(SolutionConfigurationPlatforms) = preSolution
		Debug|Any CPU = Debug|Any CPU
		Release|Any CPU = Release|Any CPU
	EndGlobalSection
	GlobalSection(ProjectConfigurationPlatforms) = postSolution
		{93C238A1-2B67-4580-8025-0061A551BEAB}.Debug|Any CPU.ActiveCfg = Debug|Any CPU
		{93C238A1-2B67-4580-8025-0061A551BEAB}.Debug|Any CPU.Build.0 = Debug|Any CPU
		{93C238A1-2B67-4580-8025-0061A551BEAB}.Release|Any CPU.ActiveCfg = Release|Any CPU
		{93C238A1-2B67-4580-8025-0061A551BEAB}.Release|Any CPU.Build.0 = Release|Any CPU
	EndGlobalSection
	GlobalSection(SolutionProperties) = preSolution
		HideSolutionNode = FALSE
	EndGlobalSection
	GlobalSection(ExtensibilityGlobals) = postSolution
		SolutionGuid = {58147E08-8A53-456E-9426-CC316755FB77}
	EndGlobalSection
EndGlobal
