
Microsoft Visual Studio Solution File, Format Version 12.00
# Visual Studio Version 16
VisualStudioVersion = 16.0.29911.84
MinimumVisualStudioVersion = 10.0.40219.1
Project("{FAE04EC0-301F-11D3-BF4B-00C04F79EFBC}") = "MvcMovie", "MvcMovie\MvcMovie.csproj", "{7AE1DEFE-F95F-42AD-B1CA-D3B59C34C6FD}"
EndProject
Global
	GlobalSection(SolutionConfigurationPlatforms) = preSolution
		Debug|Any CPU = Debug|Any CPU
		Release|Any CPU = Release|Any CPU
	EndGlobalSection
	GlobalSection(ProjectConfigurationPlatforms) = postSolution
		{7AE1DEFE-F95F-42AD-B1CA-D3B59C34C6FD}.Debug|Any CPU.ActiveCfg = Debug|Any CPU
		{7AE1DEFE-F95F-42AD-B1CA-D3B59C34C6FD}.Debug|Any CPU.Build.0 = Debug|Any CPU
		{7AE1DEFE-F95F-42AD-B1CA-D3B59C34C6FD}.Release|Any CPU.ActiveCfg = Release|Any CPU
		{7AE1DEFE-F95F-42AD-B1CA-D3B59C34C6FD}.Release|Any CPU.Build.0 = Release|Any CPU
	EndGlobalSection
	GlobalSection(SolutionProperties) = preSolution
		HideSolutionNode = FALSE
	EndGlobalSection
	GlobalSection(ExtensibilityGlobals) = postSolution
		SolutionGuid = {F35185E1-195D-48D7-B46A-4232EFF1DBA4}
	EndGlobalSection
EndGlobal
