
Microsoft Visual Studio Solution File, Format Version 12.00
# Visual Studio Version 16
VisualStudioVersion = 16.0.29911.84
MinimumVisualStudioVersion = 10.0.40219.1
Project("{FAE04EC0-301F-11D3-BF4B-00C04F79EFBC}") = "ExamplaryTestEF", "ExamplaryTestEF\ExamplaryTestEF.csproj", "{652C5F65-F5B5-410A-B610-924049D0CD71}"
EndProject
Global
	GlobalSection(SolutionConfigurationPlatforms) = preSolution
		Debug|Any CPU = Debug|Any CPU
		Release|Any CPU = Release|Any CPU
	EndGlobalSection
	GlobalSection(ProjectConfigurationPlatforms) = postSolution
		{652C5F65-F5B5-410A-B610-924049D0CD71}.Debug|Any CPU.ActiveCfg = Debug|Any CPU
		{652C5F65-F5B5-410A-B610-924049D0CD71}.Debug|Any CPU.Build.0 = Debug|Any CPU
		{652C5F65-F5B5-410A-B610-924049D0CD71}.Release|Any CPU.ActiveCfg = Release|Any CPU
		{652C5F65-F5B5-410A-B610-924049D0CD71}.Release|Any CPU.Build.0 = Release|Any CPU
	EndGlobalSection
	GlobalSection(SolutionProperties) = preSolution
		HideSolutionNode = FALSE
	EndGlobalSection
	GlobalSection(ExtensibilityGlobals) = postSolution
		SolutionGuid = {38E82AF3-82E8-46B9-8DB2-44F9374FCED6}
	EndGlobalSection
EndGlobal
